
Microsoft Visual Studio Solution File, Format Version 10.00
# Visual Studio 2008
# SharpDevelop 3.0.0.3800
Project("{A33008B1-5DAC-44D5-9060-242E3B6E38F2}") = "test", "test.booproj", "{1FA7495E-AF4E-4D95-8196-DEAAB4676A40}"
EndProject
Global
	GlobalSection(SolutionConfigurationPlatforms) = preSolution
		Debug|Any CPU = Debug|Any CPU
		Release|Any CPU = Release|Any CPU
	EndGlobalSection
	GlobalSection(ProjectConfigurationPlatforms) = postSolution
		{1FA7495E-AF4E-4D95-8196-DEAAB4676A40}.Debug|Any CPU.Build.0 = Debug|Any CPU
		{1FA7495E-AF4E-4D95-8196-DEAAB4676A40}.Debug|Any CPU.ActiveCfg = Debug|Any CPU
		{1FA7495E-AF4E-4D95-8196-DEAAB4676A40}.Release|Any CPU.Build.0 = Release|Any CPU
		{1FA7495E-AF4E-4D95-8196-DEAAB4676A40}.Release|Any CPU.ActiveCfg = Release|Any CPU
	EndGlobalSection
EndGlobal
